Microsoft Visual Studio Solution File, Format Version 12.00
# Visual Studio Version 16
VisualStudioVersion = 16.0.28714.193
MinimumVisualStudioVersion = 10.0.40219.1
Project("{6EC3EE1D-3C4E-46DD-8F32-0CC8E7565705}") = "Etl", "Etl\Etl.fsproj", "{EB9D803D-2E0C-437E-9282-8E29E479F066}"
EndProject
Project("{2150E333-8FDC-42A3-9474-1A3956D46DE8}") = "Solution Items", "Solution Items", "{5025E2C2-7A30-4F57-8777-FD39F9BF41D4}"
	ProjectSection(SolutionItems) = preProject
		README.md = README.md
	EndProjectSection
EndProject
Global
	GlobalSection(SolutionConfigurationPlatforms) = preSolution
		Debug|Any CPU = Debug|Any CPU
		Release|Any CPU = Release|Any CPU
	EndGlobalSection
	GlobalSection(ProjectConfigurationPlatforms) = postSolution
		{EB9D803D-2E0C-437E-9282-8E29E479F066}.Debug|Any CPU.ActiveCfg = Debug|Any CPU
		{EB9D803D-2E0C-437E-9282-8E29E479F066}.Debug|Any CPU.Build.0 = Debug|Any CPU
		{EB9D803D-2E0C-437E-9282-8E29E479F066}.Release|Any CPU.ActiveCfg = Release|Any CPU
		{EB9D803D-2E0C-437E-9282-8E29E479F066}.Release|Any CPU.Build.0 = Release|Any CPU
	EndGlobalSection
	GlobalSection(SolutionProperties) = preSolution
		HideSolutionNode = FALSE
	EndGlobalSection
	GlobalSection(ExtensibilityGlobals) = postSolution
		SolutionGuid = {54509914-1A67-4366-A49B-9E55A2B59AD9}
	EndGlobalSection
EndGlobal
