
Microsoft Visual Studio Solution File, Format Version 12.00
# Visual Studio 15
VisualStudioVersion = 15.0.26124.0
MinimumVisualStudioVersion = 15.0.26124.0
Project("{F2A71F9B-5D33-465A-A702-920D77279786}") = "Domain", "Domain\Domain.fsproj", "{5243D588-9DC3-4663-947E-AC3C108D456F}"
EndProject
Project("{F2A71F9B-5D33-465A-A702-920D77279786}") = "FeedApi", "FeedApi\FeedApi.fsproj", "{ADC62715-77B3-4C2F-9A7E-661C399D8501}"
EndProject
Global
	GlobalSection(SolutionConfigurationPlatforms) = preSolution
		Debug|Any CPU = Debug|Any CPU
		Debug|x64 = Debug|x64
		Debug|x86 = Debug|x86
		Release|Any CPU = Release|Any CPU
		Release|x64 = Release|x64
		Release|x86 = Release|x86
	EndGlobalSection
	GlobalSection(SolutionProperties) = preSolution
		HideSolutionNode = FALSE
	EndGlobalSection
	GlobalSection(ProjectConfigurationPlatforms) = postSolution
		{5243D588-9DC3-4663-947E-AC3C108D456F}.Debug|Any CPU.ActiveCfg = Debug|Any CPU
		{5243D588-9DC3-4663-947E-AC3C108D456F}.Debug|Any CPU.Build.0 = Debug|Any CPU
		{5243D588-9DC3-4663-947E-AC3C108D456F}.Debug|x64.ActiveCfg = Debug|Any CPU
		{5243D588-9DC3-4663-947E-AC3C108D456F}.Debug|x64.Build.0 = Debug|Any CPU
		{5243D588-9DC3-4663-947E-AC3C108D456F}.Debug|x86.ActiveCfg = Debug|Any CPU
		{5243D588-9DC3-4663-947E-AC3C108D456F}.Debug|x86.Build.0 = Debug|Any CPU
		{5243D588-9DC3-4663-947E-AC3C108D456F}.Release|Any CPU.ActiveCfg = Release|Any CPU
		{5243D588-9DC3-4663-947E-AC3C108D456F}.Release|Any CPU.Build.0 = Release|Any CPU
		{5243D588-9DC3-4663-947E-AC3C108D456F}.Release|x64.ActiveCfg = Release|Any CPU
		{5243D588-9DC3-4663-947E-AC3C108D456F}.Release|x64.Build.0 = Release|Any CPU
		{5243D588-9DC3-4663-947E-AC3C108D456F}.Release|x86.ActiveCfg = Release|Any CPU
		{5243D588-9DC3-4663-947E-AC3C108D456F}.Release|x86.Build.0 = Release|Any CPU
		{ADC62715-77B3-4C2F-9A7E-661C399D8501}.Debug|Any CPU.ActiveCfg = Debug|Any CPU
		{ADC62715-77B3-4C2F-9A7E-661C399D8501}.Debug|Any CPU.Build.0 = Debug|Any CPU
		{ADC62715-77B3-4C2F-9A7E-661C399D8501}.Debug|x64.ActiveCfg = Debug|Any CPU
		{ADC62715-77B3-4C2F-9A7E-661C399D8501}.Debug|x64.Build.0 = Debug|Any CPU
		{ADC62715-77B3-4C2F-9A7E-661C399D8501}.Debug|x86.ActiveCfg = Debug|Any CPU
		{ADC62715-77B3-4C2F-9A7E-661C399D8501}.Debug|x86.Build.0 = Debug|Any CPU
		{ADC62715-77B3-4C2F-9A7E-661C399D8501}.Release|Any CPU.ActiveCfg = Release|Any CPU
		{ADC62715-77B3-4C2F-9A7E-661C399D8501}.Release|Any CPU.Build.0 = Release|Any CPU
		{ADC62715-77B3-4C2F-9A7E-661C399D8501}.Release|x64.ActiveCfg = Release|Any CPU
		{ADC62715-77B3-4C2F-9A7E-661C399D8501}.Release|x64.Build.0 = Release|Any CPU
		{ADC62715-77B3-4C2F-9A7E-661C399D8501}.Release|x86.ActiveCfg = Release|Any CPU
		{ADC62715-77B3-4C2F-9A7E-661C399D8501}.Release|x86.Build.0 = Release|Any CPU
	EndGlobalSection
EndGlobal
