
Microsoft Visual Studio Solution File, Format Version 12.00
Project("{F2A71F9B-5D33-465A-A702-920D77279786}") = "Domain", "Domain\Domain.fsproj", "{6F113960-87CF-4C4D-A73A-657A96F22CBF}"
EndProject
Project("{F2A71F9B-5D33-465A-A702-920D77279786}") = "Watchdog", "Watchdog\Watchdog.fsproj", "{222D612E-51E0-4ED1-BB34-AF08E3BBF741}"
EndProject
Global
	GlobalSection(SolutionConfigurationPlatforms) = preSolution
		Debug|Any CPU = Debug|Any CPU
		Release|Any CPU = Release|Any CPU
	EndGlobalSection
	GlobalSection(ProjectConfigurationPlatforms) = postSolution
		{6F113960-87CF-4C4D-A73A-657A96F22CBF}.Debug|Any CPU.ActiveCfg = Debug|Any CPU
		{6F113960-87CF-4C4D-A73A-657A96F22CBF}.Debug|Any CPU.Build.0 = Debug|Any CPU
		{6F113960-87CF-4C4D-A73A-657A96F22CBF}.Release|Any CPU.ActiveCfg = Release|Any CPU
		{6F113960-87CF-4C4D-A73A-657A96F22CBF}.Release|Any CPU.Build.0 = Release|Any CPU
		{222D612E-51E0-4ED1-BB34-AF08E3BBF741}.Debug|Any CPU.ActiveCfg = Debug|Any CPU
		{222D612E-51E0-4ED1-BB34-AF08E3BBF741}.Debug|Any CPU.Build.0 = Debug|Any CPU
		{222D612E-51E0-4ED1-BB34-AF08E3BBF741}.Release|Any CPU.ActiveCfg = Release|Any CPU
		{222D612E-51E0-4ED1-BB34-AF08E3BBF741}.Release|Any CPU.Build.0 = Release|Any CPU
	EndGlobalSection
EndGlobal
