Microsoft Visual Studio Solution File, Format Version 12.00
# Visual Studio Version 16
VisualStudioVersion = 16.0.28714.193
MinimumVisualStudioVersion = 10.0.40219.1
Project("{6EC3EE1D-3C4E-46DD-8F32-0CC8E7565705}") = "Sync.Tests", "Sync.Tests\Sync.Tests.fsproj", "{458FF6DD-5F7F-419D-8440-1DCD72AF5229}"
EndProject
Project("{6EC3EE1D-3C4E-46DD-8F32-0CC8E7565705}") = "Sync", "Sync\Sync.fsproj", "{EA288107-08F6-4766-9DD5-E1C961AFA918}"
EndProject
Project("{2150E333-8FDC-42A3-9474-1A3956D46DE8}") = "Solution Items", "Solution Items", "{B4CC54BB-AA13-47B2-BF18-C66423EAF19A}"
EndProject
Global
	GlobalSection(SolutionConfigurationPlatforms) = preSolution
		Debug|Any CPU = Debug|Any CPU
		Release|Any CPU = Release|Any CPU
	EndGlobalSection
	GlobalSection(ProjectConfigurationPlatforms) = postSolution
		{458FF6DD-5F7F-419D-8440-1DCD72AF5229}.Debug|Any CPU.ActiveCfg = Debug|Any CPU
		{458FF6DD-5F7F-419D-8440-1DCD72AF5229}.Debug|Any CPU.Build.0 = Debug|Any CPU
		{458FF6DD-5F7F-419D-8440-1DCD72AF5229}.Release|Any CPU.ActiveCfg = Release|Any CPU
		{458FF6DD-5F7F-419D-8440-1DCD72AF5229}.Release|Any CPU.Build.0 = Release|Any CPU
		{EA288107-08F6-4766-9DD5-E1C961AFA918}.Debug|Any CPU.ActiveCfg = Debug|Any CPU
		{EA288107-08F6-4766-9DD5-E1C961AFA918}.Debug|Any CPU.Build.0 = Debug|Any CPU
		{EA288107-08F6-4766-9DD5-E1C961AFA918}.Release|Any CPU.ActiveCfg = Release|Any CPU
		{EA288107-08F6-4766-9DD5-E1C961AFA918}.Release|Any CPU.Build.0 = Release|Any CPU
	EndGlobalSection
	GlobalSection(SolutionProperties) = preSolution
		HideSolutionNode = FALSE
	EndGlobalSection
	GlobalSection(ExtensibilityGlobals) = postSolution
		SolutionGuid = {A3702E33-9940-4A1D-917C-83F8F8828573}
	EndGlobalSection
EndGlobal
